
Microsoft Visual Studio Solution File, Format Version 12.00
# Visual Studio 14
VisualStudioVersion = 14.0.25420.1
MinimumVisualStudioVersion = 10.0.40219.1
Project("{8BC9CEB8-8B4A-11D0-8D11-00A0C91BC942}") = "opencv-001-读取存储处理图片", "opencv-001-读取存储处理图片\ConsoleApplication1\ConsoleApplication1.vcxproj", "{BE4864D5-5A3B-40A5-BA8B-0AAD110D2530}"
EndProject
Project("{8BC9CEB8-8B4A-11D0-8D11-00A0C91BC942}") = "opencv-002-矩阵的掩膜的操作", "opencv-002-矩阵的掩膜的操作\opencv-002-矩阵的掩膜的操作\opencv-002-矩阵的掩膜的操作.vcxproj", "{D7DA0341-E290-4F83-B59F-364A32008938}"
EndProject
Project("{8BC9CEB8-8B4A-11D0-8D11-00A0C91BC942}") = "opencv-003-Mat对象", "opencv-003-Mat对象\opencv-003-Mat对象\opencv-003-Mat对象.vcxproj", "{29880000-5C79-40CB-AC91-C5B0A28C41AB}"
EndProject
Project("{8BC9CEB8-8B4A-11D0-8D11-00A0C91BC942}") = "opencv-004-图像操作", "opencv-004-图像操作\opencv-004-图像操作\opencv-004-图像操作.vcxproj", "{B3362E07-D3EB-4B26-ABE8-F0FBA5D91973}"
EndProject
Project("{8BC9CEB8-8B4A-11D0-8D11-00A0C91BC942}") = "opencv-005-图像混合", "opencv-005-图像混合\opencv-005-图像混合\opencv-005-图像混合.vcxproj", "{43A8C5A6-353D-4B4D-AB7B-55FCC7526A5B}"
EndProject
Project("{8BC9CEB8-8B4A-11D0-8D11-00A0C91BC942}") = "opencv-006-调整图片亮度与对比度", "opencv-006-调整图片亮度与对比度\opencv-006-调整图片亮度与对比度\opencv-006-调整图片亮度与对比度.vcxproj", "{B3F5AA83-B9A9-4C47-9B5A-C40571A80176}"
EndProject
Project("{8BC9CEB8-8B4A-11D0-8D11-00A0C91BC942}") = "opencv-007-绘制图像与文字", "opencv007-绘制图像与文字\opencv007-绘制图像与文字\opencv007-绘制图像与文字.vcxproj", "{7ECBAD1A-7559-4E7F-94C7-91FE7068803E}"
EndProject
Project("{8BC9CEB8-8B4A-11D0-8D11-00A0C91BC942}") = "opencv-008-角点检测", "opencv008角点检测\opencv008角点检测\opencv008角点检测.vcxproj", "{25D799E8-5BFA-4AA9-9B90-30E662B05480}"
EndProject
Project("{8BC9CEB8-8B4A-11D0-8D11-00A0C91BC942}") = "opencv-009-Canny边缘检测", "opencv009-Canny边缘检测\opencv009-Canny边缘检测\opencv009-Canny边缘检测.vcxproj", "{BA22FE3C-E82C-4B5D-8853-C9A1AF04227E}"
EndProject
Project("{8BC9CEB8-8B4A-11D0-8D11-00A0C91BC942}") = "opencv-010-膨胀与腐蚀及Trackbar的使用", "opencv010-膨胀与腐蚀及Trackbar的使用\opencv010-膨胀与腐蚀\opencv010-膨胀与腐蚀.vcxproj", "{DA3923A0-B68C-40BF-898E-35A66C561E32}"
EndProject
Project("{8BC9CEB8-8B4A-11D0-8D11-00A0C91BC942}") = "opencv-011-开操作和闭操作", "opencv011-开操作和闭操作\opencv011-开操作和闭操作\opencv011-开操作和闭操作.vcxproj", "{84642520-BB77-4E18-861F-B58C93816D48}"
EndProject
Project("{8BC9CEB8-8B4A-11D0-8D11-00A0C91BC942}") = "opencv-012-图像的阈值操作", "opencv-012-图像的阈值操作\opencv-012-图像的阈值操作\opencv-012-图像的阈值操作.vcxproj", "{FC74535B-86FA-43F4-953E-6F1F8F72ACF8}"
EndProject
Project("{8BC9CEB8-8B4A-11D0-8D11-00A0C91BC942}") = "opencv-人流量识别", "opencv-人流量识别\opencv-人流量识别\opencv-人流量识别.vcxproj", "{984542FF-0139-45B3-9235-0E7F2EBDD366}"
EndProject
Project("{8BC9CEB8-8B4A-11D0-8D11-00A0C91BC942}") = "opencv-013-轮廓的发现", "opencv-013-轮廓的发现\opencv-013-轮廓的发现.vcxproj", "{7301B875-5B06-4105-9445-63D5F5E8BE28}"
EndProject
Project("{8BC9CEB8-8B4A-11D0-8D11-00A0C91BC942}") = "opencv-014-轮廓周围绘制矩形框和圆形框", "opencv-013-轮廓周围绘制矩形框和圆形框\opencv-013-轮廓周围绘制矩形框和圆形框.vcxproj", "{54DBFD79-9C00-4CC6-81D3-64F6946B7A01}"
EndProject
Project("{8BC9CEB8-8B4A-11D0-8D11-00A0C91BC942}") = "opencv-015-视频的读写操作", "opencv-015-视频的操作\opencv-015-视频的操作.vcxproj", "{FA97EDE4-ABF7-4745-95A5-69702D9F0BAA}"
EndProject
Project("{8BC9CEB8-8B4A-11D0-8D11-00A0C91BC942}") = "opencv-016-视频处理-背景消除建模BSM", "opencv-016-视频处理-背景消除建模BSM\opencv-016-视频处理-背景消除建模BSM.vcxproj", "{75FC48B5-A43B-4F88-B4A2-A0ABA30FA2D6}"
EndProject
Project("{8BC9CEB8-8B4A-11D0-8D11-00A0C91BC942}") = "opencv-017-级联分类器的使用-图片处理", "opencv-017-级联分类器\opencv-017-级联分类器.vcxproj", "{C8A5EFBB-3F7A-483F-9E79-999E5D01B0BD}"
EndProject
Project("{8BC9CEB8-8B4A-11D0-8D11-00A0C91BC942}") = "test", "test\test.vcxproj", "{2A7B011D-51F2-47C4-8F38-96A4A1B6A63B}"
EndProject
Project("{8BC9CEB8-8B4A-11D0-8D11-00A0C91BC942}") = "opencv-018-级联分类器的使用-视频处理", "opencv-018-级联分类器的使用-视频处理\opencv-018-级联分类器的使用-视频处理.vcxproj", "{CB53A25D-0FA7-42FA-9337-284219D8C862}"
EndProject
Global
	GlobalSection(SolutionConfigurationPlatforms) = preSolution
		Debug|x64 = Debug|x64
		Debug|x86 = Debug|x86
		Release|x64 = Release|x64
		Release|x86 = Release|x86
	EndGlobalSection
	GlobalSection(ProjectConfigurationPlatforms) = postSolution
		{BE4864D5-5A3B-40A5-BA8B-0AAD110D2530}.Debug|x64.ActiveCfg = Debug|x64
		{BE4864D5-5A3B-40A5-BA8B-0AAD110D2530}.Debug|x64.Build.0 = Debug|x64
		{BE4864D5-5A3B-40A5-BA8B-0AAD110D2530}.Debug|x86.ActiveCfg = Debug|Win32
		{BE4864D5-5A3B-40A5-BA8B-0AAD110D2530}.Debug|x86.Build.0 = Debug|Win32
		{BE4864D5-5A3B-40A5-BA8B-0AAD110D2530}.Release|x64.ActiveCfg = Release|x64
		{BE4864D5-5A3B-40A5-BA8B-0AAD110D2530}.Release|x64.Build.0 = Release|x64
		{BE4864D5-5A3B-40A5-BA8B-0AAD110D2530}.Release|x86.ActiveCfg = Release|Win32
		{BE4864D5-5A3B-40A5-BA8B-0AAD110D2530}.Release|x86.Build.0 = Release|Win32
		{D7DA0341-E290-4F83-B59F-364A32008938}.Debug|x64.ActiveCfg = Debug|x64
		{D7DA0341-E290-4F83-B59F-364A32008938}.Debug|x64.Build.0 = Debug|x64
		{D7DA0341-E290-4F83-B59F-364A32008938}.Debug|x86.ActiveCfg = Debug|Win32
		{D7DA0341-E290-4F83-B59F-364A32008938}.Debug|x86.Build.0 = Debug|Win32
		{D7DA0341-E290-4F83-B59F-364A32008938}.Release|x64.ActiveCfg = Release|x64
		{D7DA0341-E290-4F83-B59F-364A32008938}.Release|x64.Build.0 = Release|x64
		{D7DA0341-E290-4F83-B59F-364A32008938}.Release|x86.ActiveCfg = Release|Win32
		{D7DA0341-E290-4F83-B59F-364A32008938}.Release|x86.Build.0 = Release|Win32
		{29880000-5C79-40CB-AC91-C5B0A28C41AB}.Debug|x64.ActiveCfg = Debug|x64
		{29880000-5C79-40CB-AC91-C5B0A28C41AB}.Debug|x64.Build.0 = Debug|x64
		{29880000-5C79-40CB-AC91-C5B0A28C41AB}.Debug|x86.ActiveCfg = Debug|Win32
		{29880000-5C79-40CB-AC91-C5B0A28C41AB}.Debug|x86.Build.0 = Debug|Win32
		{29880000-5C79-40CB-AC91-C5B0A28C41AB}.Release|x64.ActiveCfg = Release|x64
		{29880000-5C79-40CB-AC91-C5B0A28C41AB}.Release|x64.Build.0 = Release|x64
		{29880000-5C79-40CB-AC91-C5B0A28C41AB}.Release|x86.ActiveCfg = Release|Win32
		{29880000-5C79-40CB-AC91-C5B0A28C41AB}.Release|x86.Build.0 = Release|Win32
		{B3362E07-D3EB-4B26-ABE8-F0FBA5D91973}.Debug|x64.ActiveCfg = Debug|x64
		{B3362E07-D3EB-4B26-ABE8-F0FBA5D91973}.Debug|x64.Build.0 = Debug|x64
		{B3362E07-D3EB-4B26-ABE8-F0FBA5D91973}.Debug|x86.ActiveCfg = Debug|Win32
		{B3362E07-D3EB-4B26-ABE8-F0FBA5D91973}.Debug|x86.Build.0 = Debug|Win32
		{B3362E07-D3EB-4B26-ABE8-F0FBA5D91973}.Release|x64.ActiveCfg = Release|x64
		{B3362E07-D3EB-4B26-ABE8-F0FBA5D91973}.Release|x64.Build.0 = Release|x64
		{B3362E07-D3EB-4B26-ABE8-F0FBA5D91973}.Release|x86.ActiveCfg = Release|Win32
		{B3362E07-D3EB-4B26-ABE8-F0FBA5D91973}.Release|x86.Build.0 = Release|Win32
		{43A8C5A6-353D-4B4D-AB7B-55FCC7526A5B}.Debug|x64.ActiveCfg = Debug|x64
		{43A8C5A6-353D-4B4D-AB7B-55FCC7526A5B}.Debug|x64.Build.0 = Debug|x64
		{43A8C5A6-353D-4B4D-AB7B-55FCC7526A5B}.Debug|x86.ActiveCfg = Debug|Win32
		{43A8C5A6-353D-4B4D-AB7B-55FCC7526A5B}.Debug|x86.Build.0 = Debug|Win32
		{43A8C5A6-353D-4B4D-AB7B-55FCC7526A5B}.Release|x64.ActiveCfg = Release|x64
		{43A8C5A6-353D-4B4D-AB7B-55FCC7526A5B}.Release|x64.Build.0 = Release|x64
		{43A8C5A6-353D-4B4D-AB7B-55FCC7526A5B}.Release|x86.ActiveCfg = Release|Win32
		{43A8C5A6-353D-4B4D-AB7B-55FCC7526A5B}.Release|x86.Build.0 = Release|Win32
		{B3F5AA83-B9A9-4C47-9B5A-C40571A80176}.Debug|x64.ActiveCfg = Debug|x64
		{B3F5AA83-B9A9-4C47-9B5A-C40571A80176}.Debug|x64.Build.0 = Debug|x64
		{B3F5AA83-B9A9-4C47-9B5A-C40571A80176}.Debug|x86.ActiveCfg = Debug|Win32
		{B3F5AA83-B9A9-4C47-9B5A-C40571A80176}.Debug|x86.Build.0 = Debug|Win32
		{B3F5AA83-B9A9-4C47-9B5A-C40571A80176}.Release|x64.ActiveCfg = Release|x64
		{B3F5AA83-B9A9-4C47-9B5A-C40571A80176}.Release|x64.Build.0 = Release|x64
		{B3F5AA83-B9A9-4C47-9B5A-C40571A80176}.Release|x86.ActiveCfg = Release|Win32
		{B3F5AA83-B9A9-4C47-9B5A-C40571A80176}.Release|x86.Build.0 = Release|Win32
		{7ECBAD1A-7559-4E7F-94C7-91FE7068803E}.Debug|x64.ActiveCfg = Debug|x64
		{7ECBAD1A-7559-4E7F-94C7-91FE7068803E}.Debug|x64.Build.0 = Debug|x64
		{7ECBAD1A-7559-4E7F-94C7-91FE7068803E}.Debug|x86.ActiveCfg = Debug|Win32
		{7ECBAD1A-7559-4E7F-94C7-91FE7068803E}.Debug|x86.Build.0 = Debug|Win32
		{7ECBAD1A-7559-4E7F-94C7-91FE7068803E}.Release|x64.ActiveCfg = Release|x64
		{7ECBAD1A-7559-4E7F-94C7-91FE7068803E}.Release|x64.Build.0 = Release|x64
		{7ECBAD1A-7559-4E7F-94C7-91FE7068803E}.Release|x86.ActiveCfg = Release|Win32
		{7ECBAD1A-7559-4E7F-94C7-91FE7068803E}.Release|x86.Build.0 = Release|Win32
		{25D799E8-5BFA-4AA9-9B90-30E662B05480}.Debug|x64.ActiveCfg = Debug|x64
		{25D799E8-5BFA-4AA9-9B90-30E662B05480}.Debug|x64.Build.0 = Debug|x64
		{25D799E8-5BFA-4AA9-9B90-30E662B05480}.Debug|x86.ActiveCfg = Debug|Win32
		{25D799E8-5BFA-4AA9-9B90-30E662B05480}.Debug|x86.Build.0 = Debug|Win32
		{25D799E8-5BFA-4AA9-9B90-30E662B05480}.Release|x64.ActiveCfg = Release|x64
		{25D799E8-5BFA-4AA9-9B90-30E662B05480}.Release|x64.Build.0 = Release|x64
		{25D799E8-5BFA-4AA9-9B90-30E662B05480}.Release|x86.ActiveCfg = Release|Win32
		{25D799E8-5BFA-4AA9-9B90-30E662B05480}.Release|x86.Build.0 = Release|Win32
		{BA22FE3C-E82C-4B5D-8853-C9A1AF04227E}.Debug|x64.ActiveCfg = Debug|x64
		{BA22FE3C-E82C-4B5D-8853-C9A1AF04227E}.Debug|x64.Build.0 = Debug|x64
		{BA22FE3C-E82C-4B5D-8853-C9A1AF04227E}.Debug|x86.ActiveCfg = Debug|Win32
		{BA22FE3C-E82C-4B5D-8853-C9A1AF04227E}.Debug|x86.Build.0 = Debug|Win32
		{BA22FE3C-E82C-4B5D-8853-C9A1AF04227E}.Release|x64.ActiveCfg = Release|x64
		{BA22FE3C-E82C-4B5D-8853-C9A1AF04227E}.Release|x64.Build.0 = Release|x64
		{BA22FE3C-E82C-4B5D-8853-C9A1AF04227E}.Release|x86.ActiveCfg = Release|Win32
		{BA22FE3C-E82C-4B5D-8853-C9A1AF04227E}.Release|x86.Build.0 = Release|Win32
		{DA3923A0-B68C-40BF-898E-35A66C561E32}.Debug|x64.ActiveCfg = Debug|x64
		{DA3923A0-B68C-40BF-898E-35A66C561E32}.Debug|x64.Build.0 = Debug|x64
		{DA3923A0-B68C-40BF-898E-35A66C561E32}.Debug|x86.ActiveCfg = Debug|Win32
		{DA3923A0-B68C-40BF-898E-35A66C561E32}.Debug|x86.Build.0 = Debug|Win32
		{DA3923A0-B68C-40BF-898E-35A66C561E32}.Release|x64.ActiveCfg = Release|x64
		{DA3923A0-B68C-40BF-898E-35A66C561E32}.Release|x64.Build.0 = Release|x64
		{DA3923A0-B68C-40BF-898E-35A66C561E32}.Release|x86.ActiveCfg = Release|Win32
		{DA3923A0-B68C-40BF-898E-35A66C561E32}.Release|x86.Build.0 = Release|Win32
		{84642520-BB77-4E18-861F-B58C93816D48}.Debug|x64.ActiveCfg = Debug|x64
		{84642520-BB77-4E18-861F-B58C93816D48}.Debug|x64.Build.0 = Debug|x64
		{84642520-BB77-4E18-861F-B58C93816D48}.Debug|x86.ActiveCfg = Debug|Win32
		{84642520-BB77-4E18-861F-B58C93816D48}.Debug|x86.Build.0 = Debug|Win32
		{84642520-BB77-4E18-861F-B58C93816D48}.Release|x64.ActiveCfg = Release|x64
		{84642520-BB77-4E18-861F-B58C93816D48}.Release|x64.Build.0 = Release|x64
		{84642520-BB77-4E18-861F-B58C93816D48}.Release|x86.ActiveCfg = Release|Win32
		{84642520-BB77-4E18-861F-B58C93816D48}.Release|x86.Build.0 = Release|Win32
		{FC74535B-86FA-43F4-953E-6F1F8F72ACF8}.Debug|x64.ActiveCfg = Debug|x64
		{FC74535B-86FA-43F4-953E-6F1F8F72ACF8}.Debug|x64.Build.0 = Debug|x64
		{FC74535B-86FA-43F4-953E-6F1F8F72ACF8}.Debug|x86.ActiveCfg = Debug|Win32
		{FC74535B-86FA-43F4-953E-6F1F8F72ACF8}.Debug|x86.Build.0 = Debug|Win32
		{FC74535B-86FA-43F4-953E-6F1F8F72ACF8}.Release|x64.ActiveCfg = Release|x64
		{FC74535B-86FA-43F4-953E-6F1F8F72ACF8}.Release|x64.Build.0 = Release|x64
		{FC74535B-86FA-43F4-953E-6F1F8F72ACF8}.Release|x86.ActiveCfg = Release|Win32
		{FC74535B-86FA-43F4-953E-6F1F8F72ACF8}.Release|x86.Build.0 = Release|Win32
		{984542FF-0139-45B3-9235-0E7F2EBDD366}.Debug|x64.ActiveCfg = Debug|x64
		{984542FF-0139-45B3-9235-0E7F2EBDD366}.Debug|x64.Build.0 = Debug|x64
		{984542FF-0139-45B3-9235-0E7F2EBDD366}.Debug|x86.ActiveCfg = Debug|Win32
		{984542FF-0139-45B3-9235-0E7F2EBDD366}.Debug|x86.Build.0 = Debug|Win32
		{984542FF-0139-45B3-9235-0E7F2EBDD366}.Release|x64.ActiveCfg = Release|x64
		{984542FF-0139-45B3-9235-0E7F2EBDD366}.Release|x64.Build.0 = Release|x64
		{984542FF-0139-45B3-9235-0E7F2EBDD366}.Release|x86.ActiveCfg = Release|Win32
		{984542FF-0139-45B3-9235-0E7F2EBDD366}.Release|x86.Build.0 = Release|Win32
		{7301B875-5B06-4105-9445-63D5F5E8BE28}.Debug|x64.ActiveCfg = Debug|x64
		{7301B875-5B06-4105-9445-63D5F5E8BE28}.Debug|x64.Build.0 = Debug|x64
		{7301B875-5B06-4105-9445-63D5F5E8BE28}.Debug|x86.ActiveCfg = Debug|Win32
		{7301B875-5B06-4105-9445-63D5F5E8BE28}.Debug|x86.Build.0 = Debug|Win32
		{7301B875-5B06-4105-9445-63D5F5E8BE28}.Release|x64.ActiveCfg = Release|x64
		{7301B875-5B06-4105-9445-63D5F5E8BE28}.Release|x64.Build.0 = Release|x64
		{7301B875-5B06-4105-9445-63D5F5E8BE28}.Release|x86.ActiveCfg = Release|Win32
		{7301B875-5B06-4105-9445-63D5F5E8BE28}.Release|x86.Build.0 = Release|Win32
		{54DBFD79-9C00-4CC6-81D3-64F6946B7A01}.Debug|x64.ActiveCfg = Debug|x64
		{54DBFD79-9C00-4CC6-81D3-64F6946B7A01}.Debug|x64.Build.0 = Debug|x64
		{54DBFD79-9C00-4CC6-81D3-64F6946B7A01}.Debug|x86.ActiveCfg = Debug|Win32
		{54DBFD79-9C00-4CC6-81D3-64F6946B7A01}.Debug|x86.Build.0 = Debug|Win32
		{54DBFD79-9C00-4CC6-81D3-64F6946B7A01}.Release|x64.ActiveCfg = Release|x64
		{54DBFD79-9C00-4CC6-81D3-64F6946B7A01}.Release|x64.Build.0 = Release|x64
		{54DBFD79-9C00-4CC6-81D3-64F6946B7A01}.Release|x86.ActiveCfg = Release|Win32
		{54DBFD79-9C00-4CC6-81D3-64F6946B7A01}.Release|x86.Build.0 = Release|Win32
		{FA97EDE4-ABF7-4745-95A5-69702D9F0BAA}.Debug|x64.ActiveCfg = Debug|x64
		{FA97EDE4-ABF7-4745-95A5-69702D9F0BAA}.Debug|x64.Build.0 = Debug|x64
		{FA97EDE4-ABF7-4745-95A5-69702D9F0BAA}.Debug|x86.ActiveCfg = Debug|Win32
		{FA97EDE4-ABF7-4745-95A5-69702D9F0BAA}.Debug|x86.Build.0 = Debug|Win32
		{FA97EDE4-ABF7-4745-95A5-69702D9F0BAA}.Release|x64.ActiveCfg = Release|x64
		{FA97EDE4-ABF7-4745-95A5-69702D9F0BAA}.Release|x64.Build.0 = Release|x64
		{FA97EDE4-ABF7-4745-95A5-69702D9F0BAA}.Release|x86.ActiveCfg = Release|Win32
		{FA97EDE4-ABF7-4745-95A5-69702D9F0BAA}.Release|x86.Build.0 = Release|Win32
		{75FC48B5-A43B-4F88-B4A2-A0ABA30FA2D6}.Debug|x64.ActiveCfg = Debug|x64
		{75FC48B5-A43B-4F88-B4A2-A0ABA30FA2D6}.Debug|x64.Build.0 = Debug|x64
		{75FC48B5-A43B-4F88-B4A2-A0ABA30FA2D6}.Debug|x86.ActiveCfg = Debug|Win32
		{75FC48B5-A43B-4F88-B4A2-A0ABA30FA2D6}.Debug|x86.Build.0 = Debug|Win32
		{75FC48B5-A43B-4F88-B4A2-A0ABA30FA2D6}.Release|x64.ActiveCfg = Release|x64
		{75FC48B5-A43B-4F88-B4A2-A0ABA30FA2D6}.Release|x64.Build.0 = Release|x64
		{75FC48B5-A43B-4F88-B4A2-A0ABA30FA2D6}.Release|x86.ActiveCfg = Release|Win32
		{75FC48B5-A43B-4F88-B4A2-A0ABA30FA2D6}.Release|x86.Build.0 = Release|Win32
		{C8A5EFBB-3F7A-483F-9E79-999E5D01B0BD}.Debug|x64.ActiveCfg = Debug|x64
		{C8A5EFBB-3F7A-483F-9E79-999E5D01B0BD}.Debug|x64.Build.0 = Debug|x64
		{C8A5EFBB-3F7A-483F-9E79-999E5D01B0BD}.Debug|x86.ActiveCfg = Debug|Win32
		{C8A5EFBB-3F7A-483F-9E79-999E5D01B0BD}.Debug|x86.Build.0 = Debug|Win32
		{C8A5EFBB-3F7A-483F-9E79-999E5D01B0BD}.Release|x64.ActiveCfg = Release|x64
		{C8A5EFBB-3F7A-483F-9E79-999E5D01B0BD}.Release|x64.Build.0 = Release|x64
		{C8A5EFBB-3F7A-483F-9E79-999E5D01B0BD}.Release|x86.ActiveCfg = Release|Win32
		{C8A5EFBB-3F7A-483F-9E79-999E5D01B0BD}.Release|x86.Build.0 = Release|Win32
		{2A7B011D-51F2-47C4-8F38-96A4A1B6A63B}.Debug|x64.ActiveCfg = Debug|x64
		{2A7B011D-51F2-47C4-8F38-96A4A1B6A63B}.Debug|x64.Build.0 = Debug|x64
		{2A7B011D-51F2-47C4-8F38-96A4A1B6A63B}.Debug|x86.ActiveCfg = Debug|Win32
		{2A7B011D-51F2-47C4-8F38-96A4A1B6A63B}.Debug|x86.Build.0 = Debug|Win32
		{2A7B011D-51F2-47C4-8F38-96A4A1B6A63B}.Release|x64.ActiveCfg = Release|x64
		{2A7B011D-51F2-47C4-8F38-96A4A1B6A63B}.Release|x64.Build.0 = Release|x64
		{2A7B011D-51F2-47C4-8F38-96A4A1B6A63B}.Release|x86.ActiveCfg = Release|Win32
		{2A7B011D-51F2-47C4-8F38-96A4A1B6A63B}.Release|x86.Build.0 = Release|Win32
		{CB53A25D-0FA7-42FA-9337-284219D8C862}.Debug|x64.ActiveCfg = Debug|x64
		{CB53A25D-0FA7-42FA-9337-284219D8C862}.Debug|x64.Build.0 = Debug|x64
		{CB53A25D-0FA7-42FA-9337-284219D8C862}.Debug|x86.ActiveCfg = Debug|Win32
		{CB53A25D-0FA7-42FA-9337-284219D8C862}.Debug|x86.Build.0 = Debug|Win32
		{CB53A25D-0FA7-42FA-9337-284219D8C862}.Release|x64.ActiveCfg = Release|x64
		{CB53A25D-0FA7-42FA-9337-284219D8C862}.Release|x64.Build.0 = Release|x64
		{CB53A25D-0FA7-42FA-9337-284219D8C862}.Release|x86.ActiveCfg = Release|Win32
		{CB53A25D-0FA7-42FA-9337-284219D8C862}.Release|x86.Build.0 = Release|Win32
	EndGlobalSection
	GlobalSection(SolutionProperties) = preSolution
		HideSolutionNode = FALSE
	EndGlobalSection
EndGlobal
